// !$*UTF8*$!
{
	archiveVersion = 1;
	classes = {
	};
	objectVersion = 46;
	objects = {

/* Begin PBXBuildFile section */
		C49E7A686D5C6CE3AD8A2739 /* Pods_weddingmap.framework in Frameworks */ = {isa = PBXBuildFile; fileRef = CB4BB4868E736D00A4D7F078 /* Pods_weddingmap.framework */; };
		EC4B14631EE7ED6D0016147F /* AppDelegate.swift in Sources */ = {isa = PBXBuildFile; fileRef = EC4B14621EE7ED6D0016147F /* AppDelegate.swift */; };
		EC4B14651EE7ED6D0016147F /* ViewController.swift in Sources */ = {isa = PBXBuildFile; fileRef = EC4B14641EE7ED6D0016147F /* ViewController.swift */; };
		EC4B14681EE7ED6D0016147F /* Main.storyboard in Resources */ = {isa = PBXBuildFile; fileRef = EC4B14661EE7ED6D0016147F /* Main.storyboard */; };
		EC4B146A1EE7ED6D0016147F /* Assets.xcassets in Resources */ = {isa = PBXBuildFile; fileRef = EC4B14691EE7ED6D0016147F /* Assets.xcassets */; };
		EC4B146D1EE7ED6D0016147F /* LaunchScreen.storyboard in Resources */ = {isa = PBXBuildFile; fileRef = EC4B146B1EE7ED6D0016147F /* LaunchScreen.storyboard */; };
		EC4B14761EE7EF640016147F /* Search.storyboard in Resources */ = {isa = PBXBuildFile; fileRef = EC4B14741EE7EF640016147F /* Search.storyboard */; };
		EC4B14781EE7EF8C0016147F /* Message.storyboard in Resources */ = {isa = PBXBuildFile; fileRef = EC4B14771EE7EF8C0016147F /* Message.storyboard */; };
		EC4B147B1EE7EFCF0016147F /* Notifications.storyboard in Resources */ = {isa = PBXBuildFile; fileRef = EC4B14791EE7EFCF0016147F /* Notifications.storyboard */; };
		EC4B147D1EE7EFF20016147F /* People.storyboard in Resources */ = {isa = PBXBuildFile; fileRef = EC4B147C1EE7EFF20016147F /* People.storyboard */; };
		ECB2D4C11EE92F8A00BA63DF /* GoogleService-Info.plist in Resources */ = {isa = PBXBuildFile; fileRef = ECB2D4C01EE92F8A00BA63DF /* GoogleService-Info.plist */; };
/* End PBXBuildFile section */

/* Begin PBXFileReference section */
		5E7D4BDC1325E1B685CAA201 /* Pods-weddingmap.release.xcconfig */ = {isa = PBXFileReference; includeInIndex = 1; lastKnownFileType = text.xcconfig; name = "Pods-weddingmap.release.xcconfig"; path = "Pods/Target Support Files/Pods-weddingmap/Pods-weddingmap.release.xcconfig"; sourceTree = "<group>"; };
		B32DAE345FCF869028653D5F /* Pods-weddingmap.debug.xcconfig */ = {isa = PBXFileReference; includeInIndex = 1; lastKnownFileType = text.xcconfig; name = "Pods-weddingmap.debug.xcconfig"; path = "Pods/Target Support Files/Pods-weddingmap/Pods-weddingmap.debug.xcconfig"; sourceTree = "<group>"; };
		CB4BB4868E736D00A4D7F078 /* Pods_weddingmap.framework */ = {isa = PBXFileReference; explicitFileType = wrapper.framework; includeInIndex = 0; path = Pods_weddingmap.framework; sourceTree = BUILT_PRODUCTS_DIR; };
		EC4B145F1EE7ED6D0016147F /* weddingmap.app */ = {isa = PBXFileReference; explicitFileType = wrapper.application; includeInIndex = 0; path = weddingmap.app; sourceTree = BUILT_PRODUCTS_DIR; };
		EC4B14621EE7ED6D0016147F /* AppDelegate.swift */ = {isa = PBXFileReference; lastKnownFileType = sourcecode.swift; path = AppDelegate.swift; sourceTree = "<group>"; };
		EC4B14641EE7ED6D0016147F /* ViewController.swift */ = {isa = PBXFileReference; lastKnownFileType = sourcecode.swift; path = ViewController.swift; sourceTree = "<group>"; };
		EC4B14671EE7ED6D0016147F /* Base */ = {isa = PBXFileReference; lastKnownFileType = file.storyboard; name = Base; path = Base.lproj/Main.storyboard; sourceTree = "<group>"; };
		EC4B14691EE7ED6D0016147F /* Assets.xcassets */ = {isa = PBXFileReference; lastKnownFileType = folder.assetcatalog; path = Assets.xcassets; sourceTree = "<group>"; };
		EC4B146C1EE7ED6D0016147F /* Base */ = {isa = PBXFileReference; lastKnownFileType = file.storyboard; name = Base; path = Base.lproj/LaunchScreen.storyboard; sourceTree = "<group>"; };
		EC4B146E1EE7ED6D0016147F /* Info.plist */ = {isa = PBXFileReference; lastKnownFileType = text.plist.xml; path = Info.plist; sourceTree = "<group>"; };
		EC4B14751EE7EF640016147F /* Base */ = {isa = PBXFileReference; lastKnownFileType = file.storyboard; name = Base; path = Base.lproj/Search.storyboard; sourceTree = "<group>"; };
		EC4B14771EE7EF8C0016147F /* Message.storyboard */ = {isa = PBXFileReference; fileEncoding = 4; lastKnownFileType = file.storyboard; path = Message.storyboard; sourceTree = "<group>"; };
		EC4B147A1EE7EFCF0016147F /* Base */ = {isa = PBXFileReference; lastKnownFileType = file.storyboard; name = Base; path = Base.lproj/Notifications.storyboard; sourceTree = "<group>"; };
		EC4B147C1EE7EFF20016147F /* People.storyboard */ = {isa = PBXFileReference; fileEncoding = 4; lastKnownFileType = file.storyboard; path = People.storyboard; sourceTree = "<group>"; };
		ECB2D4C01EE92F8A00BA63DF /* GoogleService-Info.plist */ = {isa = PBXFileReference; fileEncoding = 4; lastKnownFileType = text.plist.xml; name = "GoogleService-Info.plist"; path = "../GoogleService-Info.plist"; sourceTree = "<group>"; };
/* End PBXFileReference section */

/* Begin PBXFrameworksBuildPhase section */
		EC4B145C1EE7ED6D0016147F /* Frameworks */ = {
			isa = PBXFrameworksBuildPhase;
			buildActionMask = 2147483647;
			files = (
				C49E7A686D5C6CE3AD8A2739 /* Pods_weddingmap.framework in Frameworks */,
			);
			runOnlyForDeploymentPostprocessing = 0;
		};
/* End PBXFrameworksBuildPhase section */

/* Begin PBXGroup section */
		B3D7C5D76765F0B350E22B3C /* Frameworks */ = {
			isa = PBXGroup;
			children = (
				CB4BB4868E736D00A4D7F078 /* Pods_weddingmap.framework */,
			);
			name = Frameworks;
			sourceTree = "<group>";
		};
		EC4B14561EE7ED6D0016147F = {
			isa = PBXGroup;
			children = (
				EC4B14611EE7ED6D0016147F /* weddingmap */,
				EC4B14601EE7ED6D0016147F /* Products */,
				FA778BB59494280E8D159E2C /* Pods */,
				B3D7C5D76765F0B350E22B3C /* Frameworks */,
			);
			sourceTree = "<group>";
		};
		EC4B14601EE7ED6D0016147F /* Products */ = {
			isa = PBXGroup;
			children = (
				EC4B145F1EE7ED6D0016147F /* weddingmap.app */,
			);
			name = Products;
			sourceTree = "<group>";
		};
		EC4B14611EE7ED6D0016147F /* weddingmap */ = {
			isa = PBXGroup;
			children = (
				EC4B14621EE7ED6D0016147F /* AppDelegate.swift */,
				EC4B14641EE7ED6D0016147F /* ViewController.swift */,
				EC4B14661EE7ED6D0016147F /* Main.storyboard */,
				EC4B147C1EE7EFF20016147F /* People.storyboard */,
				EC4B14791EE7EFCF0016147F /* Notifications.storyboard */,
				EC4B14771EE7EF8C0016147F /* Message.storyboard */,
				EC4B14741EE7EF640016147F /* Search.storyboard */,
				EC4B14691EE7ED6D0016147F /* Assets.xcassets */,
				EC4B146B1EE7ED6D0016147F /* LaunchScreen.storyboard */,
				EC4B146E1EE7ED6D0016147F /* Info.plist */,
				ECB2D4C01EE92F8A00BA63DF /* GoogleService-Info.plist */,
			);
			path = weddingmap;
			sourceTree = "<group>";
		};
		FA778BB59494280E8D159E2C /* Pods */ = {
			isa = PBXGroup;
			children = (
				B32DAE345FCF869028653D5F /* Pods-weddingmap.debug.xcconfig */,
				5E7D4BDC1325E1B685CAA201 /* Pods-weddingmap.release.xcconfig */,
			);
			name = Pods;
			sourceTree = "<group>";
		};
/* End PBXGroup section */

/* Begin PBXNativeTarget section */
		EC4B145E1EE7ED6D0016147F /* weddingmap */ = {
			isa = PBXNativeTarget;
			buildConfigurationList = EC4B14711EE7ED6D0016147F /* Build configuration list for PBXNativeTarget "weddingmap" */;
			buildPhases = (
				1901524F5E973F363AFDDA4B /* [CP] Check Pods Manifest.lock */,
				EC4B145B1EE7ED6D0016147F /* Sources */,
				EC4B145C1EE7ED6D0016147F /* Frameworks */,
				EC4B145D1EE7ED6D0016147F /* Resources */,
				DC684F9E311532D7291E4FF5 /* [CP] Embed Pods Frameworks */,
				6F1BDBCAF262B9179704899F /* [CP] Copy Pods Resources */,
			);
			buildRules = (
			);
			dependencies = (
			);
			name = weddingmap;
			productName = weddingmap;
			productReference = EC4B145F1EE7ED6D0016147F /* weddingmap.app */;
			productType = "com.apple.product-type.application";
		};
/* End PBXNativeTarget section */

/* Begin PBXProject section */
		EC4B14571EE7ED6D0016147F /* Project object */ = {
			isa = PBXProject;
			attributes = {
				LastSwiftUpdateCheck = 0830;
				LastUpgradeCheck = 0830;
				ORGANIZATIONNAME = wedding;
				TargetAttributes = {
					EC4B145E1EE7ED6D0016147F = {
						CreatedOnToolsVersion = 8.3.2;
						ProvisioningStyle = Automatic;
					};
				};
			};
			buildConfigurationList = EC4B145A1EE7ED6D0016147F /* Build configuration list for PBXProject "weddingmap" */;
			compatibilityVersion = "Xcode 3.2";
			developmentRegion = English;
			hasScannedForEncodings = 0;
			knownRegions = (
				en,
				Base,
			);
			mainGroup = EC4B14561EE7ED6D0016147F;
			productRefGroup = EC4B14601EE7ED6D0016147F /* Products */;
			projectDirPath = "";
			projectRoot = "";
			targets = (
				EC4B145E1EE7ED6D0016147F /* weddingmap */,
			);
		};
/* End PBXProject section */

/* Begin PBXResourcesBuildPhase section */
		EC4B145D1EE7ED6D0016147F /* Resources */ = {
			isa = PBXResourcesBuildPhase;
			buildActionMask = 2147483647;
			files = (
				EC4B146D1EE7ED6D0016147F /* LaunchScreen.storyboard in Resources */,
				ECB2D4C11EE92F8A00BA63DF /* GoogleService-Info.plist in Resources */,
				EC4B146A1EE7ED6D0016147F /* Assets.xcassets in Resources */,
				EC4B14781EE7EF8C0016147F /* Message.storyboard in Resources */,
				EC4B147B1EE7EFCF0016147F /* Notifications.storyboard in Resources */,
				EC4B14761EE7EF640016147F /* Search.storyboard in Resources */,
				EC4B147D1EE7EFF20016147F /* People.storyboard in Resources */,
				EC4B14681EE7ED6D0016147F /* Main.storyboard in Resources */,
			);
			runOnlyForDeploymentPostprocessing = 0;
		};
/* End PBXResourcesBuildPhase section */

/* Begin PBXShellScriptBuildPhase section */
		1901524F5E973F363AFDDA4B /* [CP] Check Pods Manifest.lock */ = {
			isa = PBXShellScriptBuildPhase;
			buildActionMask = 2147483647;
			files = (
			);
			inputPaths = (
			);
			name = "[CP] Check Pods Manifest.lock";
			outputPaths = (
			);
			runOnlyForDeploymentPostprocessing = 0;
			shellPath = /bin/sh;
			shellScript = "diff \"${PODS_ROOT}/../Podfile.lock\" \"${PODS_ROOT}/Manifest.lock\" > /dev/null\nif [ $? != 0 ] ; then\n    # print error to STDERR\n    echo \"error: The sandbox is not in sync with the Podfile.lock. Run 'pod install' or update your CocoaPods installation.\" >&2\n    exit 1\nfi\n";
			showEnvVarsInLog = 0;
		};
		6F1BDBCAF262B9179704899F /* [CP] Copy Pods Resources */ = {
			isa = PBXShellScriptBuildPhase;
			buildActionMask = 2147483647;
			files = (
			);
			inputPaths = (
			);
			name = "[CP] Copy Pods Resources";
			outputPaths = (
			);
			runOnlyForDeploymentPostprocessing = 0;
			shellPath = /bin/sh;
			shellScript = "\"${SRCROOT}/Pods/Target Support Files/Pods-weddingmap/Pods-weddingmap-resources.sh\"\n";
			showEnvVarsInLog = 0;
		};
		DC684F9E311532D7291E4FF5 /* [CP] Embed Pods Frameworks */ = {
			isa = PBXShellScriptBuildPhase;
			buildActionMask = 2147483647;
			files = (
			);
			inputPaths = (
			);
			name = "[CP] Embed Pods Frameworks";
			outputPaths = (
			);
			runOnlyForDeploymentPostprocessing = 0;
			shellPath = /bin/sh;
			shellScript = "\"${SRCROOT}/Pods/Target Support Files/Pods-weddingmap/Pods-weddingmap-frameworks.sh\"\n";
			showEnvVarsInLog = 0;
		};
/* End PBXShellScriptBuildPhase section */

/* Begin PBXSourcesBuildPhase section */
		EC4B145B1EE7ED6D0016147F /* Sources */ = {
			isa = PBXSourcesBuildPhase;
			buildActionMask = 2147483647;
			files = (
				EC4B14651EE7ED6D0016147F /* ViewController.swift in Sources */,
				EC4B14631EE7ED6D0016147F /* AppDelegate.swift in Sources */,
			);
			runOnlyForDeploymentPostprocessing = 0;
		};
/* End PBXSourcesBuildPhase section */

/* Begin PBXVariantGroup section */
		EC4B14661EE7ED6D0016147F /* Main.storyboard */ = {
			isa = PBXVariantGroup;
			children = (
				EC4B14671EE7ED6D0016147F /* Base */,
			);
			name = Main.storyboard;
			sourceTree = "<group>";
		};
		EC4B146B1EE7ED6D0016147F /* LaunchScreen.storyboard */ = {
			isa = PBXVariantGroup;
			children = (
				EC4B146C1EE7ED6D0016147F /* Base */,
			);
			name = LaunchScreen.storyboard;
			sourceTree = "<group>";
		};
		EC4B14741EE7EF640016147F /* Search.storyboard */ = {
			isa = PBXVariantGroup;
			children = (
				EC4B14751EE7EF640016147F /* Base */,
			);
			name = Search.storyboard;
			sourceTree = "<group>";
		};
		EC4B14791EE7EFCF0016147F /* Notifications.storyboard */ = {
			isa = PBXVariantGroup;
			children = (
				EC4B147A1EE7EFCF0016147F /* Base */,
			);
			name = Notifications.storyboard;
			sourceTree = "<group>";
		};
/* End PBXVariantGroup section */

/* Begin XCBuildConfiguration section */
		EC4B146F1EE7ED6D0016147F /* Debug */ = {
			isa = XCBuildConfiguration;
			buildSettings = {
				ALWAYS_SEARCH_USER_PATHS = NO;
				CLANG_ANALYZER_NONNULL = YES;
				CLANG_ANALYZER_NUMBER_OBJECT_CONVERSION = YES_AGGRESSIVE;
				CLANG_CXX_LANGUAGE_STANDARD = "gnu++0x";
				CLANG_CXX_LIBRARY = "libc++";
				CLANG_ENABLE_MODULES = YES;
				CLANG_ENABLE_OBJC_ARC = YES;
				CLANG_WARN_BOOL_CONVERSION = YES;
				CLANG_WARN_CONSTANT_CONVERSION = YES;
				CLANG_WARN_DIRECT_OBJC_ISA_USAGE = YES_ERROR;
				CLANG_WARN_DOCUMENTATION_COMMENTS = YES;
				CLANG_WARN_EMPTY_BODY = YES;
				CLANG_WARN_ENUM_CONVERSION = YES;
				CLANG_WARN_INFINITE_RECURSION = YES;
				CLANG_WARN_INT_CONVERSION = YES;
				CLANG_WARN_OBJC_ROOT_CLASS = YES_ERROR;
				CLANG_WARN_SUSPICIOUS_MOVE = YES;
				CLANG_WARN_UNREACHABLE_CODE = YES;
				CLANG_WARN__DUPLICATE_METHOD_MATCH = YES;
				"CODE_SIGN_IDENTITY[sdk=iphoneos*]" = "iPhone Developer";
				COPY_PHASE_STRIP = NO;
				DEBUG_INFORMATION_FORMAT = dwarf;
				ENABLE_STRICT_OBJC_MSGSEND = YES;
				ENABLE_TESTABILITY = YES;
				GCC_C_LANGUAGE_STANDARD = gnu99;
				GCC_DYNAMIC_NO_PIC = NO;
				GCC_NO_COMMON_BLOCKS = YES;
				GCC_OPTIMIZATION_LEVEL = 0;
				GCC_PREPROCESSOR_DEFINITIONS = (
					"DEBUG=1",
					"$(inherited)",
				);
				GCC_WARN_64_TO_32_BIT_CONVERSION = YES;
				GCC_WARN_ABOUT_RETURN_TYPE = YES_ERROR;
				GCC_WARN_UNDECLARED_SELECTOR = YES;
				GCC_WARN_UNINITIALIZED_AUTOS = YES_AGGRESSIVE;
				GCC_WARN_UNUSED_FUNCTION = YES;
				GCC_WARN_UNUSED_VARIABLE = YES;
				IPHONEOS_DEPLOYMENT_TARGET = 10.3;
				MTL_ENABLE_DEBUG_INFO = YES;
				ONLY_ACTIVE_ARCH = YES;
				SDKROOT = iphoneos;
				SWIFT_ACTIVE_COMPILATION_CONDITIONS = DEBUG;
				SWIFT_OPTIMIZATION_LEVEL = "-Onone";
			};
			name = Debug;
		};
		EC4B14701EE7ED6D0016147F /* Release */ = {
			isa = XCBuildConfiguration;
			buildSettings = {
				ALWAYS_SEARCH_USER_PATHS = NO;
				CLANG_ANALYZER_NONNULL = YES;
				CLANG_ANALYZER_NUMBER_OBJECT_CONVERSION = YES_AGGRESSIVE;
				CLANG_CXX_LANGUAGE_STANDARD = "gnu++0x";
				CLANG_CXX_LIBRARY = "libc++";
				CLANG_ENABLE_MODULES = YES;
				CLANG_ENABLE_OBJC_ARC = YES;
				CLANG_WARN_BOOL_CONVERSION = YES;
				CLANG_WARN_CONSTANT_CONVERSION = YES;
				CLANG_WARN_DIRECT_OBJC_ISA_USAGE = YES_ERROR;
				CLANG_WARN_DOCUMENTATION_COMMENTS = YES;
				CLANG_WARN_EMPTY_BODY = YES;
				CLANG_WARN_ENUM_CONVERSION = YES;
				CLANG_WARN_INFINITE_RECURSION = YES;
				CLANG_WARN_INT_CONVERSION = YES;
				CLANG_WARN_OBJC_ROOT_CLASS = YES_ERROR;
				CLANG_WARN_SUSPICIOUS_MOVE = YES;
				CLANG_WARN_UNREACHABLE_CODE = YES;
				CLANG_WARN__DUPLICATE_METHOD_MATCH = YES;
				"CODE_SIGN_IDENTITY[sdk=iphoneos*]" = "iPhone Developer";
				COPY_PHASE_STRIP = NO;
				DEBUG_INFORMATION_FORMAT = "dwarf-with-dsym";
				ENABLE_NS_ASSERTIONS = NO;
				ENABLE_STRICT_OBJC_MSGSEND = YES;
				GCC_C_LANGUAGE_STANDARD = gnu99;
				GCC_NO_COMMON_BLOCKS = YES;
				GCC_WARN_64_TO_32_BIT_CONVERSION = YES;
				GCC_WARN_ABOUT_RETURN_TYPE = YES_ERROR;
				GCC_WARN_UNDECLARED_SELECTOR = YES;
				GCC_WARN_UNINITIALIZED_AUTOS = YES_AGGRESSIVE;
				GCC_WARN_UNUSED_FUNCTION = YES;
				GCC_WARN_UNUSED_VARIABLE = YES;
				IPHONEOS_DEPLOYMENT_TARGET = 10.3;
				MTL_ENABLE_DEBUG_INFO = NO;
				SDKROOT = iphoneos;
				SWIFT_OPTIMIZATION_LEVEL = "-Owholemodule";
				VALIDATE_PRODUCT = YES;
			};
			name = Release;
		};
		EC4B14721EE7ED6D0016147F /* Debug */ = {
			isa = XCBuildConfiguration;
			baseConfigurationReference = B32DAE345FCF869028653D5F /* Pods-weddingmap.debug.xcconfig */;
			buildSettings = {
				ASSETCATALOG_COMPILER_APPICON_NAME = AppIcon;
				INFOPLIST_FILE = weddingmap/Info.plist;
				LD_RUNPATH_SEARCH_PATHS = "$(inherited) @executable_path/Frameworks";
				PRODUCT_BUNDLE_IDENTIFIER = com.wedding.weddingmap;
				PRODUCT_NAME = "$(TARGET_NAME)";
				SWIFT_VERSION = 3.0;
			};
			name = Debug;
		};
		EC4B14731EE7ED6D0016147F /* Release */ = {
			isa = XCBuildConfiguration;
			baseConfigurationReference = 5E7D4BDC1325E1B685CAA201 /* Pods-weddingmap.release.xcconfig */;
			buildSettings = {
				ASSETCATALOG_COMPILER_APPICON_NAME = AppIcon;
				INFOPLIST_FILE = weddingmap/Info.plist;
				LD_RUNPATH_SEARCH_PATHS = "$(inherited) @executable_path/Frameworks";
				PRODUCT_BUNDLE_IDENTIFIER = com.wedding.weddingmap;
				PRODUCT_NAME = "$(TARGET_NAME)";
				SWIFT_VERSION = 3.0;
			};
			name = Release;
		};
/* End XCBuildConfiguration section */

/* Begin XCConfigurationList section */
		EC4B145A1EE7ED6D0016147F /* Build configuration list for PBXProject "weddingmap" */ = {
			isa = XCConfigurationList;
			buildConfigurations = (
				EC4B146F1EE7ED6D0016147F /* Debug */,
				EC4B14701EE7ED6D0016147F /* Release */,
			);
			defaultConfigurationIsVisible = 0;
			defaultConfigurationName = Release;
		};
		EC4B14711EE7ED6D0016147F /* Build configuration list for PBXNativeTarget "weddingmap" */ = {
			isa = XCConfigurationList;
			buildConfigurations = (
				EC4B14721EE7ED6D0016147F /* Debug */,
				EC4B14731EE7ED6D0016147F /* Release */,
			);
			defaultConfigurationIsVisible = 0;
			defaultConfigurationName = Release;
		};
/* End XCConfigurationList section */
	};
	rootObject = EC4B14571EE7ED6D0016147F /* Project object */;
}
